Microsoft Visual Studio Solution File, Format Version 12.00
# Visual Studio Version 17
VisualStudioVersion = 17.0.31611.283
MinimumVisualStudioVersion = 10.0.40219.1
Project("{9A19103F-16F7-4668-BE54-9A1E7A4F7556}") = "CloudStorage.Layou", "src\CloudStorage.Layou\CloudStorage.Layou.csproj", "{8D306314-40BC-43EA-A4F3-E0FCBE72E988}"
EndProject
Project("{2150E333-8FDC-42A3-9474-1A3956D46DE8}") = "src", "src", "{F273E5C7-ED21-49B8-BE7D-DE6CBE88C328}"
EndProject
Project("{9A19103F-16F7-4668-BE54-9A1E7A4F7556}") = "CloudStorage.Applications", "src\CloudStorage.Applications\CloudStorage.Applications.csproj", "{217A3804-6E37-417C-9D3A-9FCB30EFB6FA}"
EndProject
Project("{9A19103F-16F7-4668-BE54-9A1E7A4F7556}") = "CloudStorage.Client", "src\CloudStorage.Client\CloudStorage.Client.csproj", "{620A293E-F251-49D9-998B-1EE975D973E0}"
EndProject
Project("{9A19103F-16F7-4668-BE54-9A1E7A4F7556}") = "CloudStorageWinfrom", "src\CloudStorageWinfrom\CloudStorageWinfrom.csproj", "{1A4D6CE4-F4B3-499F-8704-C7CF967D98CE}"
EndProject
Project("{9A19103F-16F7-4668-BE54-9A1E7A4F7556}") = "CloudStoage.Domain", "src\CloudStoage.Domain\CloudStoage.Domain.csproj", "{488A8AB6-5D80-4353-BE97-CB74788F7E2C}"
EndProject
Project("{9A19103F-16F7-4668-BE54-9A1E7A4F7556}") = "CloudStorage.Domain.Shared", "src\CloudStorage.Domain.Shared\CloudStorage.Domain.Shared.csproj", "{4331F054-E1B1-4F06-91EC-EB092AFF5DE8}"
EndProject
Project("{9A19103F-16F7-4668-BE54-9A1E7A4F7556}") = "Token.MAUI.Module", "..\token-module\src\Token.MAUI.Module\Token.MAUI.Module.csproj", "{381C8922-19CE-477A-842C-113782B43198}"
EndProject
Global
	GlobalSection(SolutionConfigurationPlatforms) = preSolution
		Debug|Any CPU = Debug|Any CPU
		Release|Any CPU = Release|Any CPU
	EndGlobalSection
	GlobalSection(ProjectConfigurationPlatforms) = postSolution
		{8D306314-40BC-43EA-A4F3-E0FCBE72E988}.Debug|Any CPU.ActiveCfg = Debug|Any CPU
		{8D306314-40BC-43EA-A4F3-E0FCBE72E988}.Debug|Any CPU.Build.0 = Debug|Any CPU
		{8D306314-40BC-43EA-A4F3-E0FCBE72E988}.Release|Any CPU.ActiveCfg = Release|Any CPU
		{8D306314-40BC-43EA-A4F3-E0FCBE72E988}.Release|Any CPU.Build.0 = Release|Any CPU
		{217A3804-6E37-417C-9D3A-9FCB30EFB6FA}.Debug|Any CPU.ActiveCfg = Debug|Any CPU
		{217A3804-6E37-417C-9D3A-9FCB30EFB6FA}.Debug|Any CPU.Build.0 = Debug|Any CPU
		{217A3804-6E37-417C-9D3A-9FCB30EFB6FA}.Release|Any CPU.ActiveCfg = Release|Any CPU
		{217A3804-6E37-417C-9D3A-9FCB30EFB6FA}.Release|Any CPU.Build.0 = Release|Any CPU
		{620A293E-F251-49D9-998B-1EE975D973E0}.Debug|Any CPU.ActiveCfg = Debug|Any CPU
		{620A293E-F251-49D9-998B-1EE975D973E0}.Debug|Any CPU.Build.0 = Debug|Any CPU
		{620A293E-F251-49D9-998B-1EE975D973E0}.Debug|Any CPU.Deploy.0 = Debug|Any CPU
		{620A293E-F251-49D9-998B-1EE975D973E0}.Release|Any CPU.ActiveCfg = Release|Any CPU
		{620A293E-F251-49D9-998B-1EE975D973E0}.Release|Any CPU.Build.0 = Release|Any CPU
		{620A293E-F251-49D9-998B-1EE975D973E0}.Release|Any CPU.Deploy.0 = Release|Any CPU
		{1A4D6CE4-F4B3-499F-8704-C7CF967D98CE}.Debug|Any CPU.ActiveCfg = Debug|Any CPU
		{1A4D6CE4-F4B3-499F-8704-C7CF967D98CE}.Debug|Any CPU.Build.0 = Debug|Any CPU
		{1A4D6CE4-F4B3-499F-8704-C7CF967D98CE}.Release|Any CPU.ActiveCfg = Release|Any CPU
		{1A4D6CE4-F4B3-499F-8704-C7CF967D98CE}.Release|Any CPU.Build.0 = Release|Any CPU
		{488A8AB6-5D80-4353-BE97-CB74788F7E2C}.Debug|Any CPU.ActiveCfg = Debug|Any CPU
		{488A8AB6-5D80-4353-BE97-CB74788F7E2C}.Debug|Any CPU.Build.0 = Debug|Any CPU
		{488A8AB6-5D80-4353-BE97-CB74788F7E2C}.Release|Any CPU.ActiveCfg = Release|Any CPU
		{488A8AB6-5D80-4353-BE97-CB74788F7E2C}.Release|Any CPU.Build.0 = Release|Any CPU
		{4331F054-E1B1-4F06-91EC-EB092AFF5DE8}.Debug|Any CPU.ActiveCfg = Debug|Any CPU
		{4331F054-E1B1-4F06-91EC-EB092AFF5DE8}.Debug|Any CPU.Build.0 = Debug|Any CPU
		{4331F054-E1B1-4F06-91EC-EB092AFF5DE8}.Release|Any CPU.ActiveCfg = Release|Any CPU
		{4331F054-E1B1-4F06-91EC-EB092AFF5DE8}.Release|Any CPU.Build.0 = Release|Any CPU
		{381C8922-19CE-477A-842C-113782B43198}.Debug|Any CPU.ActiveCfg = Debug|Any CPU
		{381C8922-19CE-477A-842C-113782B43198}.Debug|Any CPU.Build.0 = Debug|Any CPU
		{381C8922-19CE-477A-842C-113782B43198}.Release|Any CPU.ActiveCfg = Release|Any CPU
		{381C8922-19CE-477A-842C-113782B43198}.Release|Any CPU.Build.0 = Release|Any CPU
	EndGlobalSection
	GlobalSection(SolutionProperties) = preSolution
		HideSolutionNode = FALSE
	EndGlobalSection
	GlobalSection(NestedProjects) = preSolution
		{8D306314-40BC-43EA-A4F3-E0FCBE72E988} = {F273E5C7-ED21-49B8-BE7D-DE6CBE88C328}
		{217A3804-6E37-417C-9D3A-9FCB30EFB6FA} = {F273E5C7-ED21-49B8-BE7D-DE6CBE88C328}
		{620A293E-F251-49D9-998B-1EE975D973E0} = {F273E5C7-ED21-49B8-BE7D-DE6CBE88C328}
		{1A4D6CE4-F4B3-499F-8704-C7CF967D98CE} = {F273E5C7-ED21-49B8-BE7D-DE6CBE88C328}
		{488A8AB6-5D80-4353-BE97-CB74788F7E2C} = {F273E5C7-ED21-49B8-BE7D-DE6CBE88C328}
		{4331F054-E1B1-4F06-91EC-EB092AFF5DE8} = {F273E5C7-ED21-49B8-BE7D-DE6CBE88C328}
		{381C8922-19CE-477A-842C-113782B43198} = {F273E5C7-ED21-49B8-BE7D-DE6CBE88C328}
	EndGlobalSection
	GlobalSection(ExtensibilityGlobals) = postSolution
		SolutionGuid = {61F7FB11-1E47-470C-91E2-47F8143E1572}
	EndGlobalSection
EndGlobal
